// !$*UTF8*$!
{
	archiveVersion = 1;
	classes = {
	};
	objectVersion = 55;
	objects = {

/* Begin PBXBuildFile section */
		A5537E672860358300FE7027 /* PullgoApp.swift in Sources */ = {isa = PBXBuildFile; fileRef = A5537E662860358300FE7027 /* PullgoApp.swift */; };
		A5537E692860358300FE7027 /* ContentView.swift in Sources */ = {isa = PBXBuildFile; fileRef = A5537E682860358300FE7027 /* ContentView.swift */; };
		A5537E6B2860358300FE7027 /* Assets.xcassets in Resources */ = {isa = PBXBuildFile; fileRef = A5537E6A2860358300FE7027 /* Assets.xcassets */; };
		A5537E6E2860358300FE7027 /* Preview Assets.xcassets in Resources */ = {isa = PBXBuildFile; fileRef = A5537E6D2860358300FE7027 /* Preview Assets.xcassets */; };
		A5537E7C2860369400FE7027 /* PullgoKit.h in Headers */ = {isa = PBXBuildFile; fileRef = A5537E7B2860369400FE7027 /* PullgoKit.h */; settings = {ATTRIBUTES = (Public, ); }; };
		A5537E7F2860369400FE7027 /* PullgoKit.framework in Frameworks */ = {isa = PBXBuildFile; fileRef = A5537E792860369400FE7027 /* PullgoKit.framework */; };
		A5537E802860369400FE7027 /* PullgoKit.framework in Embed Frameworks */ = {isa = PBXBuildFile; fileRef = A5537E792860369400FE7027 /* PullgoKit.framework */; settings = {ATTRIBUTES = (CodeSignOnCopy, RemoveHeadersOnCopy, ); }; };
		A5537E8C286036AB00FE7027 /* PullgoKitTests.swift in Sources */ = {isa = PBXBuildFile; fileRef = A5537E8B286036AB00FE7027 /* PullgoKitTests.swift */; };
		A5537E8D286036AB00FE7027 /* PullgoKit.framework in Frameworks */ = {isa = PBXBuildFile; fileRef = A5537E792860369400FE7027 /* PullgoKit.framework */; };
		A5537E9A286036C100FE7027 /* PullgoTests.swift in Sources */ = {isa = PBXBuildFile; fileRef = A5537E99286036C100FE7027 /* PullgoTests.swift */; };
		A5537EA82860387500FE7027 /* NetworkKit.h in Headers */ = {isa = PBXBuildFile; fileRef = A5537EA72860387500FE7027 /* NetworkKit.h */; settings = {ATTRIBUTES = (Public, ); }; };
		A5537EAB2860387500FE7027 /* NetworkKit.framework in Frameworks */ = {isa = PBXBuildFile; fileRef = A5537EA52860387500FE7027 /* NetworkKit.framework */; };
		A5537EAC2860387500FE7027 /* NetworkKit.framework in Embed Frameworks */ = {isa = PBXBuildFile; fileRef = A5537EA52860387500FE7027 /* NetworkKit.framework */; settings = {ATTRIBUTES = (CodeSignOnCopy, RemoveHeadersOnCopy, ); }; };
		A5537EB12860388B00FE7027 /* NetworkSession.swift in Sources */ = {isa = PBXBuildFile; fileRef = A5537EB02860388B00FE7027 /* NetworkSession.swift */; };
		A5537EB32860398000FE7027 /* NetworkError.swift in Sources */ = {isa = PBXBuildFile; fileRef = A5537EB22860398000FE7027 /* NetworkError.swift */; };
		A5537EB528603A3000FE7027 /* Logger.swift in Sources */ = {isa = PBXBuildFile; fileRef = A5537EB428603A3000FE7027 /* Logger.swift */; };
		A5537EB628603A9600FE7027 /* Logger.swift in Sources */ = {isa = PBXBuildFile; fileRef = A5537EB428603A3000FE7027 /* Logger.swift */; };
		A5537EB728603A9700FE7027 /* Logger.swift in Sources */ = {isa = PBXBuildFile; fileRef = A5537EB428603A3000FE7027 /* Logger.swift */; };
		A5A37EC828603FAC007192BC /* TokenKit.h in Headers */ = {isa = PBXBuildFile; fileRef = A5A37EC728603FAC007192BC /* TokenKit.h */; settings = {ATTRIBUTES = (Public, ); }; };
		A5A37ECB28603FAC007192BC /* TokenKit.framework in Frameworks */ = {isa = PBXBuildFile; fileRef = A5A37EC528603FAC007192BC /* TokenKit.framework */; };
		A5A37ECC28603FAC007192BC /* TokenKit.framework in Embed Frameworks */ = {isa = PBXBuildFile; fileRef = A5A37EC528603FAC007192BC /* TokenKit.framework */; settings = {ATTRIBUTES = (CodeSignOnCopy, RemoveHeadersOnCopy, ); }; };
		A5A37ED128604092007192BC /* KeychainTokenManager.swift in Sources */ = {isa = PBXBuildFile; fileRef = A5A37ED028604092007192BC /* KeychainTokenManager.swift */; };
		A5A37ED328604223007192BC /* Logger.swift in Sources */ = {isa = PBXBuildFile; fileRef = A5537EB428603A3000FE7027 /* Logger.swift */; };
		A5A37EDD286044F0007192BC /* PullgoError.swift in Sources */ = {isa = PBXBuildFile; fileRef = A5A37ED7286044F0007192BC /* PullgoError.swift */; };
		A5A37EDE286044F0007192BC /* UserSession.swift in Sources */ = {isa = PBXBuildFile; fileRef = A5A37ED8286044F0007192BC /* UserSession.swift */; };
		A5A37EDF286044F0007192BC /* Teacher.swift in Sources */ = {isa = PBXBuildFile; fileRef = A5A37ED9286044F0007192BC /* Teacher.swift */; };
		A5A37EE0286044F0007192BC /* Account+Credential.swift in Sources */ = {isa = PBXBuildFile; fileRef = A5A37EDA286044F0007192BC /* Account+Credential.swift */; };
		A5A37EE1286044F0007192BC /* Student.swift in Sources */ = {isa = PBXBuildFile; fileRef = A5A37EDB286044F0007192BC /* Student.swift */; };
		A5A37EE52860456D007192BC /* UserSessionDataStoreProtocol.swift in Sources */ = {isa = PBXBuildFile; fileRef = A5A37EE42860456D007192BC /* UserSessionDataStoreProtocol.swift */; };
		A5A37EE728604666007192BC /* UserSessionDataStore.swift in Sources */ = {isa = PBXBuildFile; fileRef = A5A37EE628604666007192BC /* UserSessionDataStore.swift */; };
		A5D88E9C2861890400DCB623 /* Endpoint.swift in Sources */ = {isa = PBXBuildFile; fileRef = A5D88E9B2861890400DCB623 /* Endpoint.swift */; };
		A5D88E9F28618A9E00DCB623 /* HTTPMethod.swift in Sources */ = {isa = PBXBuildFile; fileRef = A5D88E9E28618A9E00DCB623 /* HTTPMethod.swift */; };
/* End PBXBuildFile section */

/* Begin PBXContainerItemProxy section */
		A5537E7D2860369400FE7027 /* PBXContainerItemProxy */ = {
			isa = PBXContainerItemProxy;
			containerPortal = A5537E5B2860358300FE7027 /* Project object */;
			proxyType = 1;
			remoteGlobalIDString = A5537E782860369400FE7027;
			remoteInfo = PullgoKit;
		};
		A5537E8E286036AB00FE7027 /* PBXContainerItemProxy */ = {
			isa = PBXContainerItemProxy;
			containerPortal = A5537E5B2860358300FE7027 /* Project object */;
			proxyType = 1;
			remoteGlobalIDString = A5537E782860369400FE7027;
			remoteInfo = PullgoKit;
		};
		A5537E9B286036C100FE7027 /* PBXContainerItemProxy */ = {
			isa = PBXContainerItemProxy;
			containerPortal = A5537E5B2860358300FE7027 /* Project object */;
			proxyType = 1;
			remoteGlobalIDString = A5537E622860358300FE7027;
			remoteInfo = Pullgo;
		};
		A5537EA92860387500FE7027 /* PBXContainerItemProxy */ = {
			isa = PBXContainerItemProxy;
			containerPortal = A5537E5B2860358300FE7027 /* Project object */;
			proxyType = 1;
			remoteGlobalIDString = A5537EA42860387500FE7027;
			remoteInfo = NetworkKit;
		};
		A5A37EC928603FAC007192BC /* PBXContainerItemProxy */ = {
			isa = PBXContainerItemProxy;
			containerPortal = A5537E5B2860358300FE7027 /* Project object */;
			proxyType = 1;
			remoteGlobalIDString = A5A37EC428603FAC007192BC;
			remoteInfo = TokenKit;
		};
/* End PBXContainerItemProxy section */

/* Begin PBXCopyFilesBuildPhase section */
		A5537E842860369400FE7027 /* Embed Frameworks */ = {
			isa = PBXCopyFilesBuildPhase;
			buildActionMask = 2147483647;
			dstPath = "";
			dstSubfolderSpec = 10;
			files = (
				A5537EAC2860387500FE7027 /* NetworkKit.framework in Embed Frameworks */,
				A5A37ECC28603FAC007192BC /* TokenKit.framework in Embed Frameworks */,
				A5537E802860369400FE7027 /* PullgoKit.framework in Embed Frameworks */,
			);
			name = "Embed Frameworks";
			runOnlyForDeploymentPostprocessing = 0;
		};
/* End PBXCopyFilesBuildPhase section */

/* Begin PBXFileReference section */
		A5537E632860358300FE7027 /* Pullgo.app */ = {isa = PBXFileReference; explicitFileType = wrapper.application; includeInIndex = 0; path = Pullgo.app; sourceTree = BUILT_PRODUCTS_DIR; };
		A5537E662860358300FE7027 /* PullgoApp.swift */ = {isa = PBXFileReference; lastKnownFileType = sourcecode.swift; path = PullgoApp.swift; sourceTree = "<group>"; };
		A5537E682860358300FE7027 /* ContentView.swift */ = {isa = PBXFileReference; lastKnownFileType = sourcecode.swift; path = ContentView.swift; sourceTree = "<group>"; };
		A5537E6A2860358300FE7027 /* Assets.xcassets */ = {isa = PBXFileReference; lastKnownFileType = folder.assetcatalog; path = Assets.xcassets; sourceTree = "<group>"; };
		A5537E6D2860358300FE7027 /* Preview Assets.xcassets */ = {isa = PBXFileReference; lastKnownFileType = folder.assetcatalog; path = "Preview Assets.xcassets"; sourceTree = "<group>"; };
		A5537E792860369400FE7027 /* PullgoKit.framework */ = {isa = PBXFileReference; explicitFileType = wrapper.framework; includeInIndex = 0; path = PullgoKit.framework; sourceTree = BUILT_PRODUCTS_DIR; };
		A5537E7B2860369400FE7027 /* PullgoKit.h */ = {isa = PBXFileReference; lastKnownFileType = sourcecode.c.h; path = PullgoKit.h; sourceTree = "<group>"; };
		A5537E89286036AB00FE7027 /* PullgoKitTests.xctest */ = {isa = PBXFileReference; explicitFileType = wrapper.cfbundle; includeInIndex = 0; path = PullgoKitTests.xctest; sourceTree = BUILT_PRODUCTS_DIR; };
		A5537E8B286036AB00FE7027 /* PullgoKitTests.swift */ = {isa = PBXFileReference; lastKnownFileType = sourcecode.swift; path = PullgoKitTests.swift; sourceTree = "<group>"; };
		A5537E97286036C100FE7027 /* PullgoTests.xctest */ = {isa = PBXFileReference; explicitFileType = wrapper.cfbundle; includeInIndex = 0; path = PullgoTests.xctest; sourceTree = BUILT_PRODUCTS_DIR; };
		A5537E99286036C100FE7027 /* PullgoTests.swift */ = {isa = PBXFileReference; lastKnownFileType = sourcecode.swift; path = PullgoTests.swift; sourceTree = "<group>"; };
		A5537EA52860387500FE7027 /* NetworkKit.framework */ = {isa = PBXFileReference; explicitFileType = wrapper.framework; includeInIndex = 0; path = NetworkKit.framework; sourceTree = BUILT_PRODUCTS_DIR; };
		A5537EA72860387500FE7027 /* NetworkKit.h */ = {isa = PBXFileReference; lastKnownFileType = sourcecode.c.h; path = NetworkKit.h; sourceTree = "<group>"; };
		A5537EB02860388B00FE7027 /* NetworkSession.swift */ = {isa = PBXFileReference; lastKnownFileType = sourcecode.swift; path = NetworkSession.swift; sourceTree = "<group>"; };
		A5537EB22860398000FE7027 /* NetworkError.swift */ = {isa = PBXFileReference; lastKnownFileType = sourcecode.swift; path = NetworkError.swift; sourceTree = "<group>"; };
		A5537EB428603A3000FE7027 /* Logger.swift */ = {isa = PBXFileReference; lastKnownFileType = sourcecode.swift; path = Logger.swift; sourceTree = "<group>"; };
		A5A37EC528603FAC007192BC /* TokenKit.framework */ = {isa = PBXFileReference; explicitFileType = wrapper.framework; includeInIndex = 0; path = TokenKit.framework; sourceTree = BUILT_PRODUCTS_DIR; };
		A5A37EC728603FAC007192BC /* TokenKit.h */ = {isa = PBXFileReference; lastKnownFileType = sourcecode.c.h; path = TokenKit.h; sourceTree = "<group>"; };
		A5A37ED028604092007192BC /* KeychainTokenManager.swift */ = {isa = PBXFileReference; lastKnownFileType = sourcecode.swift; path = KeychainTokenManager.swift; sourceTree = "<group>"; };
		A5A37ED7286044F0007192BC /* PullgoError.swift */ = {isa = PBXFileReference; fileEncoding = 4; lastKnownFileType = sourcecode.swift; path = PullgoError.swift; sourceTree = "<group>"; };
		A5A37ED8286044F0007192BC /* UserSession.swift */ = {isa = PBXFileReference; fileEncoding = 4; lastKnownFileType = sourcecode.swift; path = UserSession.swift; sourceTree = "<group>"; };
		A5A37ED9286044F0007192BC /* Teacher.swift */ = {isa = PBXFileReference; fileEncoding = 4; lastKnownFileType = sourcecode.swift; path = Teacher.swift; sourceTree = "<group>"; };
		A5A37EDA286044F0007192BC /* Account+Credential.swift */ = {isa = PBXFileReference; fileEncoding = 4; lastKnownFileType = sourcecode.swift; path = "Account+Credential.swift"; sourceTree = "<group>"; };
		A5A37EDB286044F0007192BC /* Student.swift */ = {isa = PBXFileReference; fileEncoding = 4; lastKnownFileType = sourcecode.swift; path = Student.swift; sourceTree = "<group>"; };
		A5A37EE42860456D007192BC /* UserSessionDataStoreProtocol.swift */ = {isa = PBXFileReference; lastKnownFileType = sourcecode.swift; path = UserSessionDataStoreProtocol.swift; sourceTree = "<group>"; };
		A5A37EE628604666007192BC /* UserSessionDataStore.swift */ = {isa = PBXFileReference; lastKnownFileType = sourcecode.swift; path = UserSessionDataStore.swift; sourceTree = "<group>"; };
		A5D88E9B2861890400DCB623 /* Endpoint.swift */ = {isa = PBXFileReference; lastKnownFileType = sourcecode.swift; path = Endpoint.swift; sourceTree = "<group>"; };
		A5D88E9E28618A9E00DCB623 /* HTTPMethod.swift */ = {isa = PBXFileReference; lastKnownFileType = sourcecode.swift; path = HTTPMethod.swift; sourceTree = "<group>"; };
/* End PBXFileReference section */

/* Begin PBXFrameworksBuildPhase section */
		A5537E602860358300FE7027 /* Frameworks */ = {
			isa = PBXFrameworksBuildPhase;
			buildActionMask = 2147483647;
			files = (
				A5537EAB2860387500FE7027 /* NetworkKit.framework in Frameworks */,
				A5A37ECB28603FAC007192BC /* TokenKit.framework in Frameworks */,
				A5537E7F2860369400FE7027 /* PullgoKit.framework in Frameworks */,
			);
			runOnlyForDeploymentPostprocessing = 0;
		};
		A5537E762860369400FE7027 /* Frameworks */ = {
			isa = PBXFrameworksBuildPhase;
			buildActionMask = 2147483647;
			files = (
			);
			runOnlyForDeploymentPostprocessing = 0;
		};
		A5537E86286036AB00FE7027 /* Frameworks */ = {
			isa = PBXFrameworksBuildPhase;
			buildActionMask = 2147483647;
			files = (
				A5537E8D286036AB00FE7027 /* PullgoKit.framework in Frameworks */,
			);
			runOnlyForDeploymentPostprocessing = 0;
		};
		A5537E94286036C100FE7027 /* Frameworks */ = {
			isa = PBXFrameworksBuildPhase;
			buildActionMask = 2147483647;
			files = (
			);
			runOnlyForDeploymentPostprocessing = 0;
		};
		A5537EA22860387500FE7027 /* Frameworks */ = {
			isa = PBXFrameworksBuildPhase;
			buildActionMask = 2147483647;
			files = (
			);
			runOnlyForDeploymentPostprocessing = 0;
		};
		A5A37EC228603FAC007192BC /* Frameworks */ = {
			isa = PBXFrameworksBuildPhase;
			buildActionMask = 2147483647;
			files = (
			);
			runOnlyForDeploymentPostprocessing = 0;
		};
/* End PBXFrameworksBuildPhase section */

/* Begin PBXGroup section */
		A5537E5A2860358300FE7027 = {
			isa = PBXGroup;
			children = (
				A5537EB428603A3000FE7027 /* Logger.swift */,
				A5537E652860358300FE7027 /* Pullgo */,
				A5537E98286036C100FE7027 /* PullgoTests */,
				A5537E7A2860369400FE7027 /* PullgoKit */,
				A5537E8A286036AB00FE7027 /* PullgoKitTests */,
				A5537EA62860387500FE7027 /* NetworkKit */,
				A5A37EC628603FAC007192BC /* TokenKit */,
				A5537E642860358300FE7027 /* Products */,
			);
			sourceTree = "<group>";
		};
		A5537E642860358300FE7027 /* Products */ = {
			isa = PBXGroup;
			children = (
				A5537E632860358300FE7027 /* Pullgo.app */,
				A5537E792860369400FE7027 /* PullgoKit.framework */,
				A5537E89286036AB00FE7027 /* PullgoKitTests.xctest */,
				A5537E97286036C100FE7027 /* PullgoTests.xctest */,
				A5537EA52860387500FE7027 /* NetworkKit.framework */,
				A5A37EC528603FAC007192BC /* TokenKit.framework */,
			);
			name = Products;
			sourceTree = "<group>";
		};
		A5537E652860358300FE7027 /* Pullgo */ = {
			isa = PBXGroup;
			children = (
				A5537E662860358300FE7027 /* PullgoApp.swift */,
				A5537E682860358300FE7027 /* ContentView.swift */,
				A5537E6A2860358300FE7027 /* Assets.xcassets */,
				A5537E6C2860358300FE7027 /* Preview Content */,
			);
			path = Pullgo;
			sourceTree = "<group>";
		};
		A5537E6C2860358300FE7027 /* Preview Content */ = {
			isa = PBXGroup;
			children = (
				A5537E6D2860358300FE7027 /* Preview Assets.xcassets */,
			);
			path = "Preview Content";
			sourceTree = "<group>";
		};
		A5537E7A2860369400FE7027 /* PullgoKit */ = {
			isa = PBXGroup;
			children = (
				A5A37ED6286044F0007192BC /* Model */,
				A5A37ED4286044C4007192BC /* DataStore */,
				A5537E7B2860369400FE7027 /* PullgoKit.h */,
			);
			path = PullgoKit;
			sourceTree = "<group>";
		};
		A5537E8A286036AB00FE7027 /* PullgoKitTests */ = {
			isa = PBXGroup;
			children = (
				A5537E8B286036AB00FE7027 /* PullgoKitTests.swift */,
			);
			path = PullgoKitTests;
			sourceTree = "<group>";
		};
		A5537E98286036C100FE7027 /* PullgoTests */ = {
			isa = PBXGroup;
			children = (
				A5537E99286036C100FE7027 /* PullgoTests.swift */,
			);
			path = PullgoTests;
			sourceTree = "<group>";
		};
		A5537EA62860387500FE7027 /* NetworkKit */ = {
			isa = PBXGroup;
			children = (
				A5537EA72860387500FE7027 /* NetworkKit.h */,
				A5537EB02860388B00FE7027 /* NetworkSession.swift */,
				A5537EB22860398000FE7027 /* NetworkError.swift */,
			);
			path = NetworkKit;
			sourceTree = "<group>";
		};
		A5A37EC628603FAC007192BC /* TokenKit */ = {
			isa = PBXGroup;
			children = (
				A5A37EC728603FAC007192BC /* TokenKit.h */,
				A5A37ED028604092007192BC /* KeychainTokenManager.swift */,
			);
			path = TokenKit;
			sourceTree = "<group>";
		};
		A5A37ED4286044C4007192BC /* DataStore */ = {
			isa = PBXGroup;
			children = (
				A5A37EE328604566007192BC /* UserSession */,
			);
			path = DataStore;
			sourceTree = "<group>";
		};
		A5A37ED6286044F0007192BC /* Model */ = {
			isa = PBXGroup;
			children = (
				A5D88E9D28618A9500DCB623 /* Endpoint */,
				A5A37ED7286044F0007192BC /* PullgoError.swift */,
				A5A37ED8286044F0007192BC /* UserSession.swift */,
				A5A37ED9286044F0007192BC /* Teacher.swift */,
				A5A37EDA286044F0007192BC /* Account+Credential.swift */,
				A5A37EDB286044F0007192BC /* Student.swift */,
			);
			path = Model;
			sourceTree = "<group>";
		};
		A5A37EE328604566007192BC /* UserSession */ = {
			isa = PBXGroup;
			children = (
				A5A37EE42860456D007192BC /* UserSessionDataStoreProtocol.swift */,
				A5A37EE628604666007192BC /* UserSessionDataStore.swift */,
			);
			path = UserSession;
			sourceTree = "<group>";
		};
		A5D88E9D28618A9500DCB623 /* Endpoint */ = {
			isa = PBXGroup;
			children = (
				A5D88E9B2861890400DCB623 /* Endpoint.swift */,
				A5D88E9E28618A9E00DCB623 /* HTTPMethod.swift */,
			);
			path = Endpoint;
			sourceTree = "<group>";
		};
/* End PBXGroup section */

/* Begin PBXHeadersBuildPhase section */
		A5537E742860369400FE7027 /* Headers */ = {
			isa = PBXHeadersBuildPhase;
			buildActionMask = 2147483647;
			files = (
				A5537E7C2860369400FE7027 /* PullgoKit.h in Headers */,
			);
			runOnlyForDeploymentPostprocessing = 0;
		};
		A5537EA02860387500FE7027 /* Headers */ = {
			isa = PBXHeadersBuildPhase;
			buildActionMask = 2147483647;
			files = (
				A5537EA82860387500FE7027 /* NetworkKit.h in Headers */,
			);
			runOnlyForDeploymentPostprocessing = 0;
		};
		A5A37EC028603FAC007192BC /* Headers */ = {
			isa = PBXHeadersBuildPhase;
			buildActionMask = 2147483647;
			files = (
				A5A37EC828603FAC007192BC /* TokenKit.h in Headers */,
			);
			runOnlyForDeploymentPostprocessing = 0;
		};
/* End PBXHeadersBuildPhase section */

/* Begin PBXNativeTarget section */
		A5537E622860358300FE7027 /* Pullgo */ = {
			isa = PBXNativeTarget;
			buildConfigurationList = A5537E712860358300FE7027 /* Build configuration list for PBXNativeTarget "Pullgo" */;
			buildPhases = (
				A5537E5F2860358300FE7027 /* Sources */,
				A5537E602860358300FE7027 /* Frameworks */,
				A5537E612860358300FE7027 /* Resources */,
				A5537E842860369400FE7027 /* Embed Frameworks */,
			);
			buildRules = (
			);
			dependencies = (
				A5537E7E2860369400FE7027 /* PBXTargetDependency */,
				A5537EAA2860387500FE7027 /* PBXTargetDependency */,
				A5A37ECA28603FAC007192BC /* PBXTargetDependency */,
			);
			name = Pullgo;
			productName = Pullgo;
			productReference = A5537E632860358300FE7027 /* Pullgo.app */;
			productType = "com.apple.product-type.application";
		};
		A5537E782860369400FE7027 /* PullgoKit */ = {
			isa = PBXNativeTarget;
			buildConfigurationList = A5537E812860369400FE7027 /* Build configuration list for PBXNativeTarget "PullgoKit" */;
			buildPhases = (
				A5537E742860369400FE7027 /* Headers */,
				A5537E752860369400FE7027 /* Sources */,
				A5537E762860369400FE7027 /* Frameworks */,
				A5537E772860369400FE7027 /* Resources */,
			);
			buildRules = (
			);
			dependencies = (
			);
			name = PullgoKit;
			productName = PullgoKit;
			productReference = A5537E792860369400FE7027 /* PullgoKit.framework */;
			productType = "com.apple.product-type.framework";
		};
		A5537E88286036AB00FE7027 /* PullgoKitTests */ = {
			isa = PBXNativeTarget;
			buildConfigurationList = A5537E90286036AB00FE7027 /* Build configuration list for PBXNativeTarget "PullgoKitTests" */;
			buildPhases = (
				A5537E85286036AB00FE7027 /* Sources */,
				A5537E86286036AB00FE7027 /* Frameworks */,
				A5537E87286036AB00FE7027 /* Resources */,
			);
			buildRules = (
			);
			dependencies = (
				A5537E8F286036AB00FE7027 /* PBXTargetDependency */,
			);
			name = PullgoKitTests;
			productName = PullgoKitTests;
			productReference = A5537E89286036AB00FE7027 /* PullgoKitTests.xctest */;
			productType = "com.apple.product-type.bundle.unit-test";
		};
		A5537E96286036C100FE7027 /* PullgoTests */ = {
			isa = PBXNativeTarget;
			buildConfigurationList = A5537E9D286036C100FE7027 /* Build configuration list for PBXNativeTarget "PullgoTests" */;
			buildPhases = (
				A5537E93286036C100FE7027 /* Sources */,
				A5537E94286036C100FE7027 /* Frameworks */,
				A5537E95286036C100FE7027 /* Resources */,
			);
			buildRules = (
			);
			dependencies = (
				A5537E9C286036C100FE7027 /* PBXTargetDependency */,
			);
			name = PullgoTests;
			productName = PullgoTests;
			productReference = A5537E97286036C100FE7027 /* PullgoTests.xctest */;
			productType = "com.apple.product-type.bundle.unit-test";
		};
		A5537EA42860387500FE7027 /* NetworkKit */ = {
			isa = PBXNativeTarget;
			buildConfigurationList = A5537EAF2860387500FE7027 /* Build configuration list for PBXNativeTarget "NetworkKit" */;
			buildPhases = (
				A5537EA02860387500FE7027 /* Headers */,
				A5537EA12860387500FE7027 /* Sources */,
				A5537EA22860387500FE7027 /* Frameworks */,
				A5537EA32860387500FE7027 /* Resources */,
			);
			buildRules = (
			);
			dependencies = (
			);
			name = NetworkKit;
			productName = NetworkKit;
			productReference = A5537EA52860387500FE7027 /* NetworkKit.framework */;
			productType = "com.apple.product-type.framework";
		};
		A5A37EC428603FAC007192BC /* TokenKit */ = {
			isa = PBXNativeTarget;
			buildConfigurationList = A5A37ECF28603FAC007192BC /* Build configuration list for PBXNativeTarget "TokenKit" */;
			buildPhases = (
				A5A37EC028603FAC007192BC /* Headers */,
				A5A37EC128603FAC007192BC /* Sources */,
				A5A37EC228603FAC007192BC /* Frameworks */,
				A5A37EC328603FAC007192BC /* Resources */,
			);
			buildRules = (
			);
			dependencies = (
			);
			name = TokenKit;
			productName = TokenKit;
			productReference = A5A37EC528603FAC007192BC /* TokenKit.framework */;
			productType = "com.apple.product-type.framework";
		};
/* End PBXNativeTarget section */

/* Begin PBXProject section */
		A5537E5B2860358300FE7027 /* Project object */ = {
			isa = PBXProject;
			attributes = {
				BuildIndependentTargetsInParallel = 1;
				LastSwiftUpdateCheck = 1330;
				LastUpgradeCheck = 1330;
				TargetAttributes = {
					A5537E622860358300FE7027 = {
						CreatedOnToolsVersion = 13.3;
					};
					A5537E782860369400FE7027 = {
						CreatedOnToolsVersion = 13.3;
					};
					A5537E88286036AB00FE7027 = {
						CreatedOnToolsVersion = 13.3;
					};
					A5537E96286036C100FE7027 = {
						CreatedOnToolsVersion = 13.3;
						TestTargetID = A5537E622860358300FE7027;
					};
					A5537EA42860387500FE7027 = {
						CreatedOnToolsVersion = 13.3;
						LastSwiftMigration = 1330;
					};
					A5A37EC428603FAC007192BC = {
						CreatedOnToolsVersion = 13.3;
						LastSwiftMigration = 1330;
					};
				};
			};
			buildConfigurationList = A5537E5E2860358300FE7027 /* Build configuration list for PBXProject "Pullgo" */;
			compatibilityVersion = "Xcode 13.0";
			developmentRegion = en;
			hasScannedForEncodings = 0;
			knownRegions = (
				en,
				Base,
			);
			mainGroup = A5537E5A2860358300FE7027;
			productRefGroup = A5537E642860358300FE7027 /* Products */;
			projectDirPath = "";
			projectRoot = "";
			targets = (
				A5537E622860358300FE7027 /* Pullgo */,
				A5537E782860369400FE7027 /* PullgoKit */,
				A5537E88286036AB00FE7027 /* PullgoKitTests */,
				A5537E96286036C100FE7027 /* PullgoTests */,
				A5537EA42860387500FE7027 /* NetworkKit */,
				A5A37EC428603FAC007192BC /* TokenKit */,
			);
		};
/* End PBXProject section */

/* Begin PBXResourcesBuildPhase section */
		A5537E612860358300FE7027 /* Resources */ = {
			isa = PBXResourcesBuildPhase;
			buildActionMask = 2147483647;
			files = (
				A5537E6E2860358300FE7027 /* Preview Assets.xcassets in Resources */,
				A5537E6B2860358300FE7027 /* Assets.xcassets in Resources */,
			);
			runOnlyForDeploymentPostprocessing = 0;
		};
		A5537E772860369400FE7027 /* Resources */ = {
			isa = PBXResourcesBuildPhase;
			buildActionMask = 2147483647;
			files = (
			);
			runOnlyForDeploymentPostprocessing = 0;
		};
		A5537E87286036AB00FE7027 /* Resources */ = {
			isa = PBXResourcesBuildPhase;
			buildActionMask = 2147483647;
			files = (
			);
			runOnlyForDeploymentPostprocessing = 0;
		};
		A5537E95286036C100FE7027 /* Resources */ = {
			isa = PBXResourcesBuildPhase;
			buildActionMask = 2147483647;
			files = (
			);
			runOnlyForDeploymentPostprocessing = 0;
		};
		A5537EA32860387500FE7027 /* Resources */ = {
			isa = PBXResourcesBuildPhase;
			buildActionMask = 2147483647;
			files = (
			);
			runOnlyForDeploymentPostprocessing = 0;
		};
		A5A37EC328603FAC007192BC /* Resources */ = {
			isa = PBXResourcesBuildPhase;
			buildActionMask = 2147483647;
			files = (
			);
			runOnlyForDeploymentPostprocessing = 0;
		};
/* End PBXResourcesBuildPhase section */

/* Begin PBXSourcesBuildPhase section */
		A5537E5F2860358300FE7027 /* Sources */ = {
			isa = PBXSourcesBuildPhase;
			buildActionMask = 2147483647;
			files = (
				A5537E692860358300FE7027 /* ContentView.swift in Sources */,
				A5537EB728603A9700FE7027 /* Logger.swift in Sources */,
				A5537E672860358300FE7027 /* PullgoApp.swift in Sources */,
			);
			runOnlyForDeploymentPostprocessing = 0;
		};
		A5537E752860369400FE7027 /* Sources */ = {
			isa = PBXSourcesBuildPhase;
			buildActionMask = 2147483647;
			files = (
				A5A37EE728604666007192BC /* UserSessionDataStore.swift in Sources */,
				A5A37EE52860456D007192BC /* UserSessionDataStoreProtocol.swift in Sources */,
				A5A37EDF286044F0007192BC /* Teacher.swift in Sources */,
				A5A37EE1286044F0007192BC /* Student.swift in Sources */,
				A5A37EDE286044F0007192BC /* UserSession.swift in Sources */,
				A5A37EE0286044F0007192BC /* Account+Credential.swift in Sources */,
				A5D88E9C2861890400DCB623 /* Endpoint.swift in Sources */,
				A5537EB628603A9600FE7027 /* Logger.swift in Sources */,
				A5D88E9F28618A9E00DCB623 /* HTTPMethod.swift in Sources */,
				A5A37EDD286044F0007192BC /* PullgoError.swift in Sources */,
			);
			runOnlyForDeploymentPostprocessing = 0;
		};
		A5537E85286036AB00FE7027 /* Sources */ = {
			isa = PBXSourcesBuildPhase;
			buildActionMask = 2147483647;
			files = (
				A5537E8C286036AB00FE7027 /* PullgoKitTests.swift in Sources */,
			);
			runOnlyForDeploymentPostprocessing = 0;
		};
		A5537E93286036C100FE7027 /* Sources */ = {
			isa = PBXSourcesBuildPhase;
			buildActionMask = 2147483647;
			files = (
				A5537E9A286036C100FE7027 /* PullgoTests.swift in Sources */,
			);
			runOnlyForDeploymentPostprocessing = 0;
		};
		A5537EA12860387500FE7027 /* Sources */ = {
			isa = PBXSourcesBuildPhase;
			buildActionMask = 2147483647;
			files = (
				A5537EB12860388B00FE7027 /* NetworkSession.swift in Sources */,
				A5537EB528603A3000FE7027 /* Logger.swift in Sources */,
				A5537EB32860398000FE7027 /* NetworkError.swift in Sources */,
			);
			runOnlyForDeploymentPostprocessing = 0;
		};
		A5A37EC128603FAC007192BC /* Sources */ = {
			isa = PBXSourcesBuildPhase;
			buildActionMask = 2147483647;
			files = (
				A5A37ED128604092007192BC /* KeychainTokenManager.swift in Sources */,
				A5A37ED328604223007192BC /* Logger.swift in Sources */,
			);
			runOnlyForDeploymentPostprocessing = 0;
		};
/* End PBXSourcesBuildPhase section */

/* Begin PBXTargetDependency section */
		A5537E7E2860369400FE7027 /* PBXTargetDependency */ = {
			isa = PBXTargetDependency;
			target = A5537E782860369400FE7027 /* PullgoKit */;
			targetProxy = A5537E7D2860369400FE7027 /* PBXContainerItemProxy */;
		};
		A5537E8F286036AB00FE7027 /* PBXTargetDependency */ = {
			isa = PBXTargetDependency;
			target = A5537E782860369400FE7027 /* PullgoKit */;
			targetProxy = A5537E8E286036AB00FE7027 /* PBXContainerItemProxy */;
		};
		A5537E9C286036C100FE7027 /* PBXTargetDependency */ = {
			isa = PBXTargetDependency;
			target = A5537E622860358300FE7027 /* Pullgo */;
			targetProxy = A5537E9B286036C100FE7027 /* PBXContainerItemProxy */;
		};
		A5537EAA2860387500FE7027 /* PBXTargetDependency */ = {
			isa = PBXTargetDependency;
			target = A5537EA42860387500FE7027 /* NetworkKit */;
			targetProxy = A5537EA92860387500FE7027 /* PBXContainerItemProxy */;
		};
		A5A37ECA28603FAC007192BC /* PBXTargetDependency */ = {
			isa = PBXTargetDependency;
			target = A5A37EC428603FAC007192BC /* TokenKit */;
			targetProxy = A5A37EC928603FAC007192BC /* PBXContainerItemProxy */;
		};
/* End PBXTargetDependency section */

/* Begin XCBuildConfiguration section */
		A5537E6F2860358300FE7027 /* Debug */ = {
			isa = XCBuildConfiguration;
			buildSettings = {
				ALWAYS_SEARCH_USER_PATHS = NO;
				CLANG_ANALYZER_NONNULL = YES;
				CLANG_ANALYZER_NUMBER_OBJECT_CONVERSION = YES_AGGRESSIVE;
				CLANG_CXX_LANGUAGE_STANDARD = "gnu++17";
				CLANG_ENABLE_MODULES = YES;
				CLANG_ENABLE_OBJC_ARC = YES;
				CLANG_ENABLE_OBJC_WEAK = YES;
				CLANG_WARN_BLOCK_CAPTURE_AUTORELEASING = YES;
				CLANG_WARN_BOOL_CONVERSION = YES;
				CLANG_WARN_COMMA = YES;
				CLANG_WARN_CONSTANT_CONVERSION = YES;
				CLANG_WARN_DEPRECATED_OBJC_IMPLEMENTATIONS = YES;
				CLANG_WARN_DIRECT_OBJC_ISA_USAGE = YES_ERROR;
				CLANG_WARN_DOCUMENTATION_COMMENTS = YES;
				CLANG_WARN_EMPTY_BODY = YES;
				CLANG_WARN_ENUM_CONVERSION = YES;
				CLANG_WARN_INFINITE_RECURSION = YES;
				CLANG_WARN_INT_CONVERSION = YES;
				CLANG_WARN_NON_LITERAL_NULL_CONVERSION = YES;
				CLANG_WARN_OBJC_IMPLICIT_RETAIN_SELF = YES;
				CLANG_WARN_OBJC_LITERAL_CONVERSION = YES;
				CLANG_WARN_OBJC_ROOT_CLASS = YES_ERROR;
				CLANG_WARN_QUOTED_INCLUDE_IN_FRAMEWORK_HEADER = YES;
				CLANG_WARN_RANGE_LOOP_ANALYSIS = YES;
				CLANG_WARN_STRICT_PROTOTYPES = YES;
				CLANG_WARN_SUSPICIOUS_MOVE = YES;
				CLANG_WARN_UNGUARDED_AVAILABILITY = YES_AGGRESSIVE;
				CLANG_WARN_UNREACHABLE_CODE = YES;
				CLANG_WARN__DUPLICATE_METHOD_MATCH = YES;
				COPY_PHASE_STRIP = NO;
				DEBUG_INFORMATION_FORMAT = dwarf;
				ENABLE_STRICT_OBJC_MSGSEND = YES;
				ENABLE_TESTABILITY = YES;
				GCC_C_LANGUAGE_STANDARD = gnu11;
				GCC_DYNAMIC_NO_PIC = NO;
				GCC_NO_COMMON_BLOCKS = YES;
				GCC_OPTIMIZATION_LEVEL = 0;
				GCC_PREPROCESSOR_DEFINITIONS = (
					"DEBUG=1",
					"$(inherited)",
				);
				GCC_WARN_64_TO_32_BIT_CONVERSION = YES;
				GCC_WARN_ABOUT_RETURN_TYPE = YES_ERROR;
				GCC_WARN_UNDECLARED_SELECTOR = YES;
				GCC_WARN_UNINITIALIZED_AUTOS = YES_AGGRESSIVE;
				GCC_WARN_UNUSED_FUNCTION = YES;
				GCC_WARN_UNUSED_VARIABLE = YES;
				IPHONEOS_DEPLOYMENT_TARGET = 15.4;
				MTL_ENABLE_DEBUG_INFO = INCLUDE_SOURCE;
				MTL_FAST_MATH = YES;
				SDKROOT = iphoneos;
				SWIFT_ACTIVE_COMPILATION_CONDITIONS = DEBUG;
				SWIFT_OPTIMIZATION_LEVEL = "-Onone";
			};
			name = Debug;
		};
		A5537E702860358300FE7027 /* Release */ = {
			isa = XCBuildConfiguration;
			buildSettings = {
				ALWAYS_SEARCH_USER_PATHS = NO;
				CLANG_ANALYZER_NONNULL = YES;
				CLANG_ANALYZER_NUMBER_OBJECT_CONVERSION = YES_AGGRESSIVE;
				CLANG_CXX_LANGUAGE_STANDARD = "gnu++17";
				CLANG_ENABLE_MODULES = YES;
				CLANG_ENABLE_OBJC_ARC = YES;
				CLANG_ENABLE_OBJC_WEAK = YES;
				CLANG_WARN_BLOCK_CAPTURE_AUTORELEASING = YES;
				CLANG_WARN_BOOL_CONVERSION = YES;
				CLANG_WARN_COMMA = YES;
				CLANG_WARN_CONSTANT_CONVERSION = YES;
				CLANG_WARN_DEPRECATED_OBJC_IMPLEMENTATIONS = YES;
				CLANG_WARN_DIRECT_OBJC_ISA_USAGE = YES_ERROR;
				CLANG_WARN_DOCUMENTATION_COMMENTS = YES;
				CLANG_WARN_EMPTY_BODY = YES;
				CLANG_WARN_ENUM_CONVERSION = YES;
				CLANG_WARN_INFINITE_RECURSION = YES;
				CLANG_WARN_INT_CONVERSION = YES;
				CLANG_WARN_NON_LITERAL_NULL_CONVERSION = YES;
				CLANG_WARN_OBJC_IMPLICIT_RETAIN_SELF = YES;
				CLANG_WARN_OBJC_LITERAL_CONVERSION = YES;
				CLANG_WARN_OBJC_ROOT_CLASS = YES_ERROR;
				CLANG_WARN_QUOTED_INCLUDE_IN_FRAMEWORK_HEADER = YES;
				CLANG_WARN_RANGE_LOOP_ANALYSIS = YES;
				CLANG_WARN_STRICT_PROTOTYPES = YES;
				CLANG_WARN_SUSPICIOUS_MOVE = YES;
				CLANG_WARN_UNGUARDED_AVAILABILITY = YES_AGGRESSIVE;
				CLANG_WARN_UNREACHABLE_CODE = YES;
				CLANG_WARN__DUPLICATE_METHOD_MATCH = YES;
				COPY_PHASE_STRIP = NO;
				DEBUG_INFORMATION_FORMAT = "dwarf-with-dsym";
				ENABLE_NS_ASSERTIONS = NO;
				ENABLE_STRICT_OBJC_MSGSEND = YES;
				GCC_C_LANGUAGE_STANDARD = gnu11;
				GCC_NO_COMMON_BLOCKS = YES;
				GCC_WARN_64_TO_32_BIT_CONVERSION = YES;
				GCC_WARN_ABOUT_RETURN_TYPE = YES_ERROR;
				GCC_WARN_UNDECLARED_SELECTOR = YES;
				GCC_WARN_UNINITIALIZED_AUTOS = YES_AGGRESSIVE;
				GCC_WARN_UNUSED_FUNCTION = YES;
				GCC_WARN_UNUSED_VARIABLE = YES;
				IPHONEOS_DEPLOYMENT_TARGET = 15.4;
				MTL_ENABLE_DEBUG_INFO = NO;
				MTL_FAST_MATH = YES;
				SDKROOT = iphoneos;
				SWIFT_COMPILATION_MODE = wholemodule;
				SWIFT_OPTIMIZATION_LEVEL = "-O";
				VALIDATE_PRODUCT = YES;
			};
			name = Release;
		};
		A5537E722860358300FE7027 /* Debug */ = {
			isa = XCBuildConfiguration;
			buildSettings = {
				ALWAYS_EMBED_SWIFT_STANDARD_LIBRARIES = YES;
				ASSETCATALOG_COMPILER_APPICON_NAME = AppIcon;
				ASSETCATALOG_COMPILER_GLOBAL_ACCENT_COLOR_NAME = AccentColor;
				CODE_SIGN_STYLE = Automatic;
				CURRENT_PROJECT_VERSION = 1;
				DEVELOPMENT_ASSET_PATHS = "\"Pullgo/Preview Content\"";
				DEVELOPMENT_TEAM = GTB6BR222W;
				ENABLE_PREVIEWS = YES;
				"EXCLUDED_ARCHS[sdk=iphonesimulator*]" = arm64;
				GENERATE_INFOPLIST_FILE = YES;
				INFOPLIST_KEY_UIApplicationSceneManifest_Generation = YES;
				INFOPLIST_KEY_UIApplicationSupportsIndirectInputEvents = YES;
				INFOPLIST_KEY_UILaunchScreen_Generation = YES;
				INFOPLIST_KEY_UISupportedInterfaceOrientations_iPad = "UIInterfaceOrientationPortrait UIInterfaceOrientationPortraitUpsideDown UIInterfaceOrientationLandscapeLeft UIInterfaceOrientationLandscapeRight";
				INFOPLIST_KEY_UISupportedInterfaceOrientations_iPhone = "UIInterfaceOrientationPortrait UIInterfaceOrientationLandscapeLeft UIInterfaceOrientationLandscapeRight";
				LD_RUNPATH_SEARCH_PATHS = (
					"$(inherited)",
					"@executable_path/Frameworks",
				);
				MARKETING_VERSION = 1.0;
				PRODUCT_BUNDLE_IDENTIFIER = com.Harry.Pullgo;
				PRODUCT_NAME = "$(TARGET_NAME)";
				SWIFT_EMIT_LOC_STRINGS = YES;
				SWIFT_VERSION = 5.0;
				TARGETED_DEVICE_FAMILY = "1,2";
			};
			name = Debug;
		};
		A5537E732860358300FE7027 /* Release */ = {
			isa = XCBuildConfiguration;
			buildSettings = {
				ALWAYS_EMBED_SWIFT_STANDARD_LIBRARIES = YES;
				ASSETCATALOG_COMPILER_APPICON_NAME = AppIcon;
				ASSETCATALOG_COMPILER_GLOBAL_ACCENT_COLOR_NAME = AccentColor;
				CODE_SIGN_STYLE = Automatic;
				CURRENT_PROJECT_VERSION = 1;
				DEVELOPMENT_ASSET_PATHS = "\"Pullgo/Preview Content\"";
				DEVELOPMENT_TEAM = GTB6BR222W;
				ENABLE_PREVIEWS = YES;
				GENERATE_INFOPLIST_FILE = YES;
				INFOPLIST_KEY_UIApplicationSceneManifest_Generation = YES;
				INFOPLIST_KEY_UIApplicationSupportsIndirectInputEvents = YES;
				INFOPLIST_KEY_UILaunchScreen_Generation = YES;
				INFOPLIST_KEY_UISupportedInterfaceOrientations_iPad = "UIInterfaceOrientationPortrait UIInterfaceOrientationPortraitUpsideDown UIInterfaceOrientationLandscapeLeft UIInterfaceOrientationLandscapeRight";
				INFOPLIST_KEY_UISupportedInterfaceOrientations_iPhone = "UIInterfaceOrientationPortrait UIInterfaceOrientationLandscapeLeft UIInterfaceOrientationLandscapeRight";
				LD_RUNPATH_SEARCH_PATHS = (
					"$(inherited)",
					"@executable_path/Frameworks",
				);
				MARKETING_VERSION = 1.0;
				PRODUCT_BUNDLE_IDENTIFIER = com.Harry.Pullgo;
				PRODUCT_NAME = "$(TARGET_NAME)";
				SWIFT_EMIT_LOC_STRINGS = YES;
				SWIFT_VERSION = 5.0;
				TARGETED_DEVICE_FAMILY = "1,2";
			};
			name = Release;
		};
		A5537E822860369400FE7027 /* Debug */ = {
			isa = XCBuildConfiguration;
			buildSettings = {
				CODE_SIGN_STYLE = Automatic;
				CURRENT_PROJECT_VERSION = 1;
				DEFINES_MODULE = YES;
				DEVELOPMENT_TEAM = GTB6BR222W;
				DYLIB_COMPATIBILITY_VERSION = 1;
				DYLIB_CURRENT_VERSION = 1;
				DYLIB_INSTALL_NAME_BASE = "@rpath";
				"EXCLUDED_ARCHS[sdk=iphonesimulator*]" = arm64;
				GENERATE_INFOPLIST_FILE = YES;
				INFOPLIST_KEY_NSHumanReadableCopyright = "";
				INSTALL_PATH = "$(LOCAL_LIBRARY_DIR)/Frameworks";
				LD_RUNPATH_SEARCH_PATHS = (
					"$(inherited)",
					"@executable_path/Frameworks",
					"@loader_path/Frameworks",
				);
				MARKETING_VERSION = 1.0;
				PRODUCT_BUNDLE_IDENTIFIER = com.Harry.PullgoKit;
				PRODUCT_NAME = "$(TARGET_NAME:c99extidentifier)";
				SKIP_INSTALL = YES;
				SWIFT_EMIT_LOC_STRINGS = YES;
				SWIFT_VERSION = 5.0;
				TARGETED_DEVICE_FAMILY = "1,2";
				VERSIONING_SYSTEM = "apple-generic";
				VERSION_INFO_PREFIX = "";
			};
			name = Debug;
		};
		A5537E832860369400FE7027 /* Release */ = {
			isa = XCBuildConfiguration;
			buildSettings = {
				CODE_SIGN_STYLE = Automatic;
				CURRENT_PROJECT_VERSION = 1;
				DEFINES_MODULE = YES;
				DEVELOPMENT_TEAM = GTB6BR222W;
				DYLIB_COMPATIBILITY_VERSION = 1;
				DYLIB_CURRENT_VERSION = 1;
				DYLIB_INSTALL_NAME_BASE = "@rpath";
				GENERATE_INFOPLIST_FILE = YES;
				INFOPLIST_KEY_NSHumanReadableCopyright = "";
				INSTALL_PATH = "$(LOCAL_LIBRARY_DIR)/Frameworks";
				LD_RUNPATH_SEARCH_PATHS = (
					"$(inherited)",
					"@executable_path/Frameworks",
					"@loader_path/Frameworks",
				);
				MARKETING_VERSION = 1.0;
				PRODUCT_BUNDLE_IDENTIFIER = com.Harry.PullgoKit;
				PRODUCT_NAME = "$(TARGET_NAME:c99extidentifier)";
				SKIP_INSTALL = YES;
				SWIFT_EMIT_LOC_STRINGS = YES;
				SWIFT_VERSION = 5.0;
				TARGETED_DEVICE_FAMILY = "1,2";
				VERSIONING_SYSTEM = "apple-generic";
				VERSION_INFO_PREFIX = "";
			};
			name = Release;
		};
		A5537E91286036AB00FE7027 /* Debug */ = {
			isa = XCBuildConfiguration;
			buildSettings = {
				ALWAYS_EMBED_SWIFT_STANDARD_LIBRARIES = YES;
				CODE_SIGN_STYLE = Automatic;
				CURRENT_PROJECT_VERSION = 1;
				DEVELOPMENT_TEAM = GTB6BR222W;
				GENERATE_INFOPLIST_FILE = YES;
				MARKETING_VERSION = 1.0;
				PRODUCT_BUNDLE_IDENTIFIER = com.Harry.PullgoKitTests;
				PRODUCT_NAME = "$(TARGET_NAME)";
				SWIFT_EMIT_LOC_STRINGS = NO;
				SWIFT_VERSION = 5.0;
				TARGETED_DEVICE_FAMILY = "1,2";
			};
			name = Debug;
		};
		A5537E92286036AB00FE7027 /* Release */ = {
			isa = XCBuildConfiguration;
			buildSettings = {
				ALWAYS_EMBED_SWIFT_STANDARD_LIBRARIES = YES;
				CODE_SIGN_STYLE = Automatic;
				CURRENT_PROJECT_VERSION = 1;
				DEVELOPMENT_TEAM = GTB6BR222W;
				GENERATE_INFOPLIST_FILE = YES;
				MARKETING_VERSION = 1.0;
				PRODUCT_BUNDLE_IDENTIFIER = com.Harry.PullgoKitTests;
				PRODUCT_NAME = "$(TARGET_NAME)";
				SWIFT_EMIT_LOC_STRINGS = NO;
				SWIFT_VERSION = 5.0;
				TARGETED_DEVICE_FAMILY = "1,2";
			};
			name = Release;
		};
		A5537E9E286036C100FE7027 /* Debug */ = {
			isa = XCBuildConfiguration;
			buildSettings = {
				BUNDLE_LOADER = "$(TEST_HOST)";
				CODE_SIGN_STYLE = Automatic;
				CURRENT_PROJECT_VERSION = 1;
				DEVELOPMENT_TEAM = GTB6BR222W;
				GENERATE_INFOPLIST_FILE = YES;
				MARKETING_VERSION = 1.0;
				PRODUCT_BUNDLE_IDENTIFIER = com.Harry.PullgoTests;
				PRODUCT_NAME = "$(TARGET_NAME)";
				SWIFT_EMIT_LOC_STRINGS = NO;
				SWIFT_VERSION = 5.0;
				TARGETED_DEVICE_FAMILY = "1,2";
				TEST_HOST = "$(BUILT_PRODUCTS_DIR)/Pullgo.app/Pullgo";
			};
			name = Debug;
		};
		A5537E9F286036C100FE7027 /* Release */ = {
			isa = XCBuildConfiguration;
			buildSettings = {
				BUNDLE_LOADER = "$(TEST_HOST)";
				CODE_SIGN_STYLE = Automatic;
				CURRENT_PROJECT_VERSION = 1;
				DEVELOPMENT_TEAM = GTB6BR222W;
				GENERATE_INFOPLIST_FILE = YES;
				MARKETING_VERSION = 1.0;
				PRODUCT_BUNDLE_IDENTIFIER = com.Harry.PullgoTests;
				PRODUCT_NAME = "$(TARGET_NAME)";
				SWIFT_EMIT_LOC_STRINGS = NO;
				SWIFT_VERSION = 5.0;
				TARGETED_DEVICE_FAMILY = "1,2";
				TEST_HOST = "$(BUILT_PRODUCTS_DIR)/Pullgo.app/Pullgo";
			};
			name = Release;
		};
		A5537EAD2860387500FE7027 /* Debug */ = {
			isa = XCBuildConfiguration;
			buildSettings = {
				CLANG_ENABLE_MODULES = YES;
				CODE_SIGN_STYLE = Automatic;
				CURRENT_PROJECT_VERSION = 1;
				DEFINES_MODULE = YES;
				DEVELOPMENT_TEAM = GTB6BR222W;
				DYLIB_COMPATIBILITY_VERSION = 1;
				DYLIB_CURRENT_VERSION = 1;
				DYLIB_INSTALL_NAME_BASE = "@rpath";
				"EXCLUDED_ARCHS[sdk=iphonesimulator*]" = arm64;
				GENERATE_INFOPLIST_FILE = YES;
				INFOPLIST_KEY_NSHumanReadableCopyright = "";
				INSTALL_PATH = "$(LOCAL_LIBRARY_DIR)/Frameworks";
				LD_RUNPATH_SEARCH_PATHS = (
					"$(inherited)",
					"@executable_path/Frameworks",
					"@loader_path/Frameworks",
				);
				MARKETING_VERSION = 1.0;
				PRODUCT_BUNDLE_IDENTIFIER = com.Harry.NetworkKit;
				PRODUCT_NAME = "$(TARGET_NAME:c99extidentifier)";
				SKIP_INSTALL = YES;
				SWIFT_EMIT_LOC_STRINGS = YES;
				SWIFT_OPTIMIZATION_LEVEL = "-Onone";
				SWIFT_VERSION = 5.0;
				TARGETED_DEVICE_FAMILY = "1,2";
				VERSIONING_SYSTEM = "apple-generic";
				VERSION_INFO_PREFIX = "";
			};
			name = Debug;
		};
		A5537EAE2860387500FE7027 /* Release */ = {
			isa = XCBuildConfiguration;
			buildSettings = {
				CLANG_ENABLE_MODULES = YES;
				CODE_SIGN_STYLE = Automatic;
				CURRENT_PROJECT_VERSION = 1;
				DEFINES_MODULE = YES;
				DEVELOPMENT_TEAM = GTB6BR222W;
				DYLIB_COMPATIBILITY_VERSION = 1;
				DYLIB_CURRENT_VERSION = 1;
				DYLIB_INSTALL_NAME_BASE = "@rpath";
				GENERATE_INFOPLIST_FILE = YES;
				INFOPLIST_KEY_NSHumanReadableCopyright = "";
				INSTALL_PATH = "$(LOCAL_LIBRARY_DIR)/Frameworks";
				LD_RUNPATH_SEARCH_PATHS = (
					"$(inherited)",
					"@executable_path/Frameworks",
					"@loader_path/Frameworks",
				);
				MARKETING_VERSION = 1.0;
				PRODUCT_BUNDLE_IDENTIFIER = com.Harry.NetworkKit;
				PRODUCT_NAME = "$(TARGET_NAME:c99extidentifier)";
				SKIP_INSTALL = YES;
				SWIFT_EMIT_LOC_STRINGS = YES;
				SWIFT_VERSION = 5.0;
				TARGETED_DEVICE_FAMILY = "1,2";
				VERSIONING_SYSTEM = "apple-generic";
				VERSION_INFO_PREFIX = "";
			};
			name = Release;
		};
		A5A37ECD28603FAC007192BC /* Debug */ = {
			isa = XCBuildConfiguration;
			buildSettings = {
				CLANG_ENABLE_MODULES = YES;
				CODE_SIGN_STYLE = Automatic;
				CURRENT_PROJECT_VERSION = 1;
				DEFINES_MODULE = YES;
				DEVELOPMENT_TEAM = GTB6BR222W;
				DYLIB_COMPATIBILITY_VERSION = 1;
				DYLIB_CURRENT_VERSION = 1;
				DYLIB_INSTALL_NAME_BASE = "@rpath";
				"EXCLUDED_ARCHS[sdk=iphonesimulator*]" = arm64;
				GENERATE_INFOPLIST_FILE = YES;
				INFOPLIST_KEY_NSHumanReadableCopyright = "";
				INSTALL_PATH = "$(LOCAL_LIBRARY_DIR)/Frameworks";
				LD_RUNPATH_SEARCH_PATHS = (
					"$(inherited)",
					"@executable_path/Frameworks",
					"@loader_path/Frameworks",
				);
				MARKETING_VERSION = 1.0;
				PRODUCT_BUNDLE_IDENTIFIER = com.Harry.TokenKit;
				PRODUCT_NAME = "$(TARGET_NAME:c99extidentifier)";
				SKIP_INSTALL = YES;
				SWIFT_EMIT_LOC_STRINGS = YES;
				SWIFT_OPTIMIZATION_LEVEL = "-Onone";
				SWIFT_VERSION = 5.0;
				TARGETED_DEVICE_FAMILY = "1,2";
				VERSIONING_SYSTEM = "apple-generic";
				VERSION_INFO_PREFIX = "";
			};
			name = Debug;
		};
		A5A37ECE28603FAC007192BC /* Release */ = {
			isa = XCBuildConfiguration;
			buildSettings = {
				CLANG_ENABLE_MODULES = YES;
				CODE_SIGN_STYLE = Automatic;
				CURRENT_PROJECT_VERSION = 1;
				DEFINES_MODULE = YES;
				DEVELOPMENT_TEAM = GTB6BR222W;
				DYLIB_COMPATIBILITY_VERSION = 1;
				DYLIB_CURRENT_VERSION = 1;
				DYLIB_INSTALL_NAME_BASE = "@rpath";
				GENERATE_INFOPLIST_FILE = YES;
				INFOPLIST_KEY_NSHumanReadableCopyright = "";
				INSTALL_PATH = "$(LOCAL_LIBRARY_DIR)/Frameworks";
				LD_RUNPATH_SEARCH_PATHS = (
					"$(inherited)",
					"@executable_path/Frameworks",
					"@loader_path/Frameworks",
				);
				MARKETING_VERSION = 1.0;
				PRODUCT_BUNDLE_IDENTIFIER = com.Harry.TokenKit;
				PRODUCT_NAME = "$(TARGET_NAME:c99extidentifier)";
				SKIP_INSTALL = YES;
				SWIFT_EMIT_LOC_STRINGS = YES;
				SWIFT_VERSION = 5.0;
				TARGETED_DEVICE_FAMILY = "1,2";
				VERSIONING_SYSTEM = "apple-generic";
				VERSION_INFO_PREFIX = "";
			};
			name = Release;
		};
/* End XCBuildConfiguration section */

/* Begin XCConfigurationList section */
		A5537E5E2860358300FE7027 /* Build configuration list for PBXProject "Pullgo" */ = {
			isa = XCConfigurationList;
			buildConfigurations = (
				A5537E6F2860358300FE7027 /* Debug */,
				A5537E702860358300FE7027 /* Release */,
			);
			defaultConfigurationIsVisible = 0;
			defaultConfigurationName = Release;
		};
		A5537E712860358300FE7027 /* Build configuration list for PBXNativeTarget "Pullgo" */ = {
			isa = XCConfigurationList;
			buildConfigurations = (
				A5537E722860358300FE7027 /* Debug */,
				A5537E732860358300FE7027 /* Release */,
			);
			defaultConfigurationIsVisible = 0;
			defaultConfigurationName = Release;
		};
		A5537E812860369400FE7027 /* Build configuration list for PBXNativeTarget "PullgoKit" */ = {
			isa = XCConfigurationList;
			buildConfigurations = (
				A5537E822860369400FE7027 /* Debug */,
				A5537E832860369400FE7027 /* Release */,
			);
			defaultConfigurationIsVisible = 0;
			defaultConfigurationName = Release;
		};
		A5537E90286036AB00FE7027 /* Build configuration list for PBXNativeTarget "PullgoKitTests" */ = {
			isa = XCConfigurationList;
			buildConfigurations = (
				A5537E91286036AB00FE7027 /* Debug */,
				A5537E92286036AB00FE7027 /* Release */,
			);
			defaultConfigurationIsVisible = 0;
			defaultConfigurationName = Release;
		};
		A5537E9D286036C100FE7027 /* Build configuration list for PBXNativeTarget "PullgoTests" */ = {
			isa = XCConfigurationList;
			buildConfigurations = (
				A5537E9E286036C100FE7027 /* Debug */,
				A5537E9F286036C100FE7027 /* Release */,
			);
			defaultConfigurationIsVisible = 0;
			defaultConfigurationName = Release;
		};
		A5537EAF2860387500FE7027 /* Build configuration list for PBXNativeTarget "NetworkKit" */ = {
			isa = XCConfigurationList;
			buildConfigurations = (
				A5537EAD2860387500FE7027 /* Debug */,
				A5537EAE2860387500FE7027 /* Release */,
			);
			defaultConfigurationIsVisible = 0;
			defaultConfigurationName = Release;
		};
		A5A37ECF28603FAC007192BC /* Build configuration list for PBXNativeTarget "TokenKit" */ = {
			isa = XCConfigurationList;
			buildConfigurations = (
				A5A37ECD28603FAC007192BC /* Debug */,
				A5A37ECE28603FAC007192BC /* Release */,
			);
			defaultConfigurationIsVisible = 0;
			defaultConfigurationName = Release;
		};
/* End XCConfigurationList section */
	};
	rootObject = A5537E5B2860358300FE7027 /* Project object */;
}
